
Microsoft Visual Studio Solution File, Format Version 12.00
Project("{2150E333-8FDC-42A3-9474-1A3956D46DE8}") = "src", "src", "{6D431132-6825-42FA-A80C-99B18B9C5192}"
EndProject
Project("{2150E333-8FDC-42A3-9474-1A3956D46DE8}") = "Common", "Common", "{29E5D929-0E68-4617-B636-661C6D28893D}"
EndProject
Project("{2150E333-8FDC-42A3-9474-1A3956D46DE8}") = "Gateways", "Gateways", "{5D53FC42-9352-4B92-92CC-55AD577C4822}"
EndProject
Project("{2150E333-8FDC-42A3-9474-1A3956D46DE8}") = "Services", "Services", "{86A8E2DA-AAD9-4B98-98FA-B669B0091DF0}"
EndProject
Project("{FAE04EC0-301F-11D3-BF4B-00C04F79EFBC}") = "BrownOrchid.Common.Application", "src\Common\BrownOrchid.Common.Application\BrownOrchid.Common.Application.csproj", "{5B4226DE-E235-456D-9EC4-A7187FAE4663}"
EndProject
Project("{FAE04EC0-301F-11D3-BF4B-00C04F79EFBC}") = "BrownOrchid.Common.Domain", "src\Common\BrownOrchid.Common.Domain\BrownOrchid.Common.Domain.csproj", "{B5064068-43E1-4A42-AA0D-55F801263B27}"
EndProject
Project("{2150E333-8FDC-42A3-9474-1A3956D46DE8}") = "BrownOrchid.Services.DWH", "BrownOrchid.Services.DWH", "{888C7CB5-44A6-4FEC-99EE-0615612403AD}"
EndProject
Project("{FAE04EC0-301F-11D3-BF4B-00C04F79EFBC}") = "BrownOrchid.Services.DWH", "src\Services\BrownOrchid.Services.DWH\BrownOrchid.Services.DWH\BrownOrchid.Services.DWH.csproj", "{7B2AA8D8-F44A-4637-9089-CFFEB56F44E2}"
EndProject
Project("{FAE04EC0-301F-11D3-BF4B-00C04F79EFBC}") = "BrownOrchid.Services.DWH.Api", "src\Services\BrownOrchid.Services.DWH\BrownOrchid.Services.DWH.Api\BrownOrchid.Services.DWH.Api.csproj", "{2D207488-5E0C-413B-A526-6685F79E23DE}"
EndProject
Project("{2150E333-8FDC-42A3-9474-1A3956D46DE8}") = "BrownOrchid.Services.App", "BrownOrchid.Services.App", "{34E07F55-4864-4E42-B631-35260B9F0A28}"
EndProject
Project("{2150E333-8FDC-42A3-9474-1A3956D46DE8}") = "BrownOrchid.Gateways.Portal", "BrownOrchid.Gateways.Portal", "{7BD16DFC-CCEA-4204-9241-916E6D8AD8FC}"
EndProject
Project("{FAE04EC0-301F-11D3-BF4B-00C04F79EFBC}") = "BrownOrchid.Services.App", "src\Services\BrownOrchid.Services.App\BrownOrchid.Services.App\BrownOrchid.Services.App.csproj", "{1B4439B7-44D0-4D85-9FE6-8B3354EC8F6D}"
EndProject
Project("{FAE04EC0-301F-11D3-BF4B-00C04F79EFBC}") = "BrownOrchid.Services.App.Worker", "src\Services\BrownOrchid.Services.App\BrownOrchid.Services.App.Worker\BrownOrchid.Services.App.Worker.csproj", "{BC423840-DF42-4166-BB78-0F85CE48285D}"
EndProject
Project("{2150E333-8FDC-42A3-9474-1A3956D46DE8}") = "BrownOrchid.Services.BankEmployees", "BrownOrchid.Services.BankEmployees", "{DA2AA82B-6FE5-4563-B7A1-8283E165C3E2}"
EndProject
Project("{FAE04EC0-301F-11D3-BF4B-00C04F79EFBC}") = "BrownOrchid.Services.BankEmployees", "src\Services\BrownOrchid.Services.BankEmployees\BrownOrchid.Services.BankEmployees\BrownOrchid.Services.BankEmployees.csproj", "{56175A99-C231-4EFC-8540-26C84A2FECE5}"
EndProject
Project("{FAE04EC0-301F-11D3-BF4B-00C04F79EFBC}") = "BrownOrchid.Services.BankEmployees.Api", "src\Services\BrownOrchid.Services.BankEmployees\BrownOrchid.Services.BankEmployees.Api\BrownOrchid.Services.BankEmployees.Api.csproj", "{11ECD1F0-7641-4E09-8F69-8D27A59F2BB2}"
EndProject
Project("{FAE04EC0-301F-11D3-BF4B-00C04F79EFBC}") = "BrownOrchid.Gateways.Portal.Blazor", "src\Gateways\BrownOrchid.Gateways.Portal\BrownOrchid.Gateways.Portal.Blazor\BrownOrchid.Gateways.Portal.Blazor.csproj", "{BB703C08-B7EE-43DA-AF74-CC761883728D}"
EndProject
Project("{FAE04EC0-301F-11D3-BF4B-00C04F79EFBC}") = "BrownOrchid.Gateways.Portal", "src\Gateways\BrownOrchid.Gateways.Portal\BrownOrchid.Gateways.Portal\BrownOrchid.Gateways.Portal.csproj", "{A0110D22-66BE-432F-9AC9-5051F4FC9651}"
EndProject
Project("{2150E333-8FDC-42A3-9474-1A3956D46DE8}") = "BrownOrchid.Services.Clients", "BrownOrchid.Services.Clients", "{B3BB7B45-6DD7-4E7E-899F-2F63A41DC436}"
EndProject
Project("{FAE04EC0-301F-11D3-BF4B-00C04F79EFBC}") = "BrownOrchid.Services.Clients", "src\Services\BrownOrchid.Services.Clients\BrownOrchid.Services.Clients\BrownOrchid.Services.Clients.csproj", "{3F9E068B-FF64-47E4-907B-8A32CC797E81}"
EndProject
Project("{FAE04EC0-301F-11D3-BF4B-00C04F79EFBC}") = "BrownOrchid.Services.Clients.Api", "src\Services\BrownOrchid.Services.Clients\BrownOrchid.Services.Clients.Api\BrownOrchid.Services.Clients.Api.csproj", "{54EED426-E840-456A-915E-E85E0995D450}"
EndProject
Global
	GlobalSection(SolutionConfigurationPlatforms) = preSolution
		Debug|Any CPU = Debug|Any CPU
		Release|Any CPU = Release|Any CPU
	EndGlobalSection
	GlobalSection(NestedProjects) = preSolution
		{29E5D929-0E68-4617-B636-661C6D28893D} = {6D431132-6825-42FA-A80C-99B18B9C5192}
		{5D53FC42-9352-4B92-92CC-55AD577C4822} = {6D431132-6825-42FA-A80C-99B18B9C5192}
		{86A8E2DA-AAD9-4B98-98FA-B669B0091DF0} = {6D431132-6825-42FA-A80C-99B18B9C5192}
		{5B4226DE-E235-456D-9EC4-A7187FAE4663} = {29E5D929-0E68-4617-B636-661C6D28893D}
		{B5064068-43E1-4A42-AA0D-55F801263B27} = {29E5D929-0E68-4617-B636-661C6D28893D}
		{888C7CB5-44A6-4FEC-99EE-0615612403AD} = {86A8E2DA-AAD9-4B98-98FA-B669B0091DF0}
		{7B2AA8D8-F44A-4637-9089-CFFEB56F44E2} = {888C7CB5-44A6-4FEC-99EE-0615612403AD}
		{2D207488-5E0C-413B-A526-6685F79E23DE} = {888C7CB5-44A6-4FEC-99EE-0615612403AD}
		{34E07F55-4864-4E42-B631-35260B9F0A28} = {86A8E2DA-AAD9-4B98-98FA-B669B0091DF0}
		{7BD16DFC-CCEA-4204-9241-916E6D8AD8FC} = {5D53FC42-9352-4B92-92CC-55AD577C4822}
		{1B4439B7-44D0-4D85-9FE6-8B3354EC8F6D} = {34E07F55-4864-4E42-B631-35260B9F0A28}
		{BC423840-DF42-4166-BB78-0F85CE48285D} = {34E07F55-4864-4E42-B631-35260B9F0A28}
		{DA2AA82B-6FE5-4563-B7A1-8283E165C3E2} = {86A8E2DA-AAD9-4B98-98FA-B669B0091DF0}
		{56175A99-C231-4EFC-8540-26C84A2FECE5} = {DA2AA82B-6FE5-4563-B7A1-8283E165C3E2}
		{11ECD1F0-7641-4E09-8F69-8D27A59F2BB2} = {DA2AA82B-6FE5-4563-B7A1-8283E165C3E2}
		{BB703C08-B7EE-43DA-AF74-CC761883728D} = {7BD16DFC-CCEA-4204-9241-916E6D8AD8FC}
		{A0110D22-66BE-432F-9AC9-5051F4FC9651} = {7BD16DFC-CCEA-4204-9241-916E6D8AD8FC}
		{B3BB7B45-6DD7-4E7E-899F-2F63A41DC436} = {86A8E2DA-AAD9-4B98-98FA-B669B0091DF0}
		{3F9E068B-FF64-47E4-907B-8A32CC797E81} = {B3BB7B45-6DD7-4E7E-899F-2F63A41DC436}
		{54EED426-E840-456A-915E-E85E0995D450} = {B3BB7B45-6DD7-4E7E-899F-2F63A41DC436}
	EndGlobalSection
	GlobalSection(ProjectConfigurationPlatforms) = postSolution
		{5B4226DE-E235-456D-9EC4-A7187FAE4663}.Debug|Any CPU.ActiveCfg = Debug|Any CPU
		{5B4226DE-E235-456D-9EC4-A7187FAE4663}.Debug|Any CPU.Build.0 = Debug|Any CPU
		{5B4226DE-E235-456D-9EC4-A7187FAE4663}.Release|Any CPU.ActiveCfg = Release|Any CPU
		{5B4226DE-E235-456D-9EC4-A7187FAE4663}.Release|Any CPU.Build.0 = Release|Any CPU
		{B5064068-43E1-4A42-AA0D-55F801263B27}.Debug|Any CPU.ActiveCfg = Debug|Any CPU
		{B5064068-43E1-4A42-AA0D-55F801263B27}.Debug|Any CPU.Build.0 = Debug|Any CPU
		{B5064068-43E1-4A42-AA0D-55F801263B27}.Release|Any CPU.ActiveCfg = Release|Any CPU
		{B5064068-43E1-4A42-AA0D-55F801263B27}.Release|Any CPU.Build.0 = Release|Any CPU
		{7B2AA8D8-F44A-4637-9089-CFFEB56F44E2}.Debug|Any CPU.ActiveCfg = Debug|Any CPU
		{7B2AA8D8-F44A-4637-9089-CFFEB56F44E2}.Debug|Any CPU.Build.0 = Debug|Any CPU
		{7B2AA8D8-F44A-4637-9089-CFFEB56F44E2}.Release|Any CPU.ActiveCfg = Release|Any CPU
		{7B2AA8D8-F44A-4637-9089-CFFEB56F44E2}.Release|Any CPU.Build.0 = Release|Any CPU
		{2D207488-5E0C-413B-A526-6685F79E23DE}.Debug|Any CPU.ActiveCfg = Debug|Any CPU
		{2D207488-5E0C-413B-A526-6685F79E23DE}.Debug|Any CPU.Build.0 = Debug|Any CPU
		{2D207488-5E0C-413B-A526-6685F79E23DE}.Release|Any CPU.ActiveCfg = Release|Any CPU
		{2D207488-5E0C-413B-A526-6685F79E23DE}.Release|Any CPU.Build.0 = Release|Any CPU
		{1B4439B7-44D0-4D85-9FE6-8B3354EC8F6D}.Debug|Any CPU.ActiveCfg = Debug|Any CPU
		{1B4439B7-44D0-4D85-9FE6-8B3354EC8F6D}.Debug|Any CPU.Build.0 = Debug|Any CPU
		{1B4439B7-44D0-4D85-9FE6-8B3354EC8F6D}.Release|Any CPU.ActiveCfg = Release|Any CPU
		{1B4439B7-44D0-4D85-9FE6-8B3354EC8F6D}.Release|Any CPU.Build.0 = Release|Any CPU
		{BC423840-DF42-4166-BB78-0F85CE48285D}.Debug|Any CPU.ActiveCfg = Debug|Any CPU
		{BC423840-DF42-4166-BB78-0F85CE48285D}.Debug|Any CPU.Build.0 = Debug|Any CPU
		{BC423840-DF42-4166-BB78-0F85CE48285D}.Release|Any CPU.ActiveCfg = Release|Any CPU
		{BC423840-DF42-4166-BB78-0F85CE48285D}.Release|Any CPU.Build.0 = Release|Any CPU
		{56175A99-C231-4EFC-8540-26C84A2FECE5}.Debug|Any CPU.ActiveCfg = Debug|Any CPU
		{56175A99-C231-4EFC-8540-26C84A2FECE5}.Debug|Any CPU.Build.0 = Debug|Any CPU
		{56175A99-C231-4EFC-8540-26C84A2FECE5}.Release|Any CPU.ActiveCfg = Release|Any CPU
		{56175A99-C231-4EFC-8540-26C84A2FECE5}.Release|Any CPU.Build.0 = Release|Any CPU
		{11ECD1F0-7641-4E09-8F69-8D27A59F2BB2}.Debug|Any CPU.ActiveCfg = Debug|Any CPU
		{11ECD1F0-7641-4E09-8F69-8D27A59F2BB2}.Debug|Any CPU.Build.0 = Debug|Any CPU
		{11ECD1F0-7641-4E09-8F69-8D27A59F2BB2}.Release|Any CPU.ActiveCfg = Release|Any CPU
		{11ECD1F0-7641-4E09-8F69-8D27A59F2BB2}.Release|Any CPU.Build.0 = Release|Any CPU
		{BB703C08-B7EE-43DA-AF74-CC761883728D}.Debug|Any CPU.ActiveCfg = Debug|Any CPU
		{BB703C08-B7EE-43DA-AF74-CC761883728D}.Debug|Any CPU.Build.0 = Debug|Any CPU
		{BB703C08-B7EE-43DA-AF74-CC761883728D}.Release|Any CPU.ActiveCfg = Release|Any CPU
		{BB703C08-B7EE-43DA-AF74-CC761883728D}.Release|Any CPU.Build.0 = Release|Any CPU
		{A0110D22-66BE-432F-9AC9-5051F4FC9651}.Debug|Any CPU.ActiveCfg = Debug|Any CPU
		{A0110D22-66BE-432F-9AC9-5051F4FC9651}.Debug|Any CPU.Build.0 = Debug|Any CPU
		{A0110D22-66BE-432F-9AC9-5051F4FC9651}.Release|Any CPU.ActiveCfg = Release|Any CPU
		{A0110D22-66BE-432F-9AC9-5051F4FC9651}.Release|Any CPU.Build.0 = Release|Any CPU
		{3F9E068B-FF64-47E4-907B-8A32CC797E81}.Debug|Any CPU.ActiveCfg = Debug|Any CPU
		{3F9E068B-FF64-47E4-907B-8A32CC797E81}.Debug|Any CPU.Build.0 = Debug|Any CPU
		{3F9E068B-FF64-47E4-907B-8A32CC797E81}.Release|Any CPU.ActiveCfg = Release|Any CPU
		{3F9E068B-FF64-47E4-907B-8A32CC797E81}.Release|Any CPU.Build.0 = Release|Any CPU
		{54EED426-E840-456A-915E-E85E0995D450}.Debug|Any CPU.ActiveCfg = Debug|Any CPU
		{54EED426-E840-456A-915E-E85E0995D450}.Debug|Any CPU.Build.0 = Debug|Any CPU
		{54EED426-E840-456A-915E-E85E0995D450}.Release|Any CPU.ActiveCfg = Release|Any CPU
		{54EED426-E840-456A-915E-E85E0995D450}.Release|Any CPU.Build.0 = Release|Any CPU
	EndGlobalSection
EndGlobal
